
Microsoft Visual Studio Solution File, Format Version 12.00
# Visual Studio Version 17
VisualStudioVersion = 17.0.31903.59
MinimumVisualStudioVersion = 10.0.40219.1
Project("{FAE04EC0-301F-11D3-BF4B-00C04F79EFBC}") = "FrameTools", "FrameTools\FrameTools.csproj", "{10202BF5-BBF7-47D4-A833-2AF799FC6F22}"
EndProject
Project("{FAE04EC0-301F-11D3-BF4B-00C04F79EFBC}") = "FrameTools.Core", "FrameTools.Core\FrameTools.Core.csproj", "{7DF50F36-8C0B-4A10-A525-EA96EE1CE0CE}"
EndProject
Global
	GlobalSection(SolutionConfigurationPlatforms) = preSolution
		Debug|Any CPU = Debug|Any CPU
		Release|Any CPU = Release|Any CPU
	EndGlobalSection
	GlobalSection(SolutionProperties) = preSolution
		HideSolutionNode = FALSE
	EndGlobalSection
	GlobalSection(ProjectConfigurationPlatforms) = postSolution
		{10202BF5-BBF7-47D4-A833-2AF799FC6F22}.Debug|Any CPU.ActiveCfg = Debug|Any CPU
		{10202BF5-BBF7-47D4-A833-2AF799FC6F22}.Debug|Any CPU.Build.0 = Debug|Any CPU
		{10202BF5-BBF7-47D4-A833-2AF799FC6F22}.Release|Any CPU.ActiveCfg = Release|Any CPU
		{10202BF5-BBF7-47D4-A833-2AF799FC6F22}.Release|Any CPU.Build.0 = Release|Any CPU
		{7DF50F36-8C0B-4A10-A525-EA96EE1CE0CE}.Debug|Any CPU.ActiveCfg = Debug|Any CPU
		{7DF50F36-8C0B-4A10-A525-EA96EE1CE0CE}.Debug|Any CPU.Build.0 = Debug|Any CPU
		{7DF50F36-8C0B-4A10-A525-EA96EE1CE0CE}.Release|Any CPU.ActiveCfg = Release|Any CPU
		{7DF50F36-8C0B-4A10-A525-EA96EE1CE0CE}.Release|Any CPU.Build.0 = Release|Any CPU
	EndGlobalSection
EndGlobal
